// !$*UTF8*$!
{
	archiveVersion = 1;
	classes = {
	};
	objectVersion = 56;
	objects = {

/* Begin PBXBuildFile section */
		B7687CD92B9F515B009D2C08 /* CazyCell.swift in Sources */ = {isa = PBXBuildFile; fileRef = B7687CD82B9F515B009D2C08 /* CazyCell.swift */; };
		B777B2E32B98C4CA00D68AF7 /* deckViewerViewController.swift in Sources */ = {isa = PBXBuildFile; fileRef = B777B2E22B98C4CA00D68AF7 /* deckViewerViewController.swift */; };
		B78333892B976F610032C5EE /* AppDelegate.swift in Sources */ = {isa = PBXBuildFile; fileRef = B78333882B976F610032C5EE /* AppDelegate.swift */; };
		B783338B2B976F610032C5EE /* SceneDelegate.swift in Sources */ = {isa = PBXBuildFile; fileRef = B783338A2B976F610032C5EE /* SceneDelegate.swift */; };
		B783338D2B976F610032C5EE /* ViewController.swift in Sources */ = {isa = PBXBuildFile; fileRef = B783338C2B976F610032C5EE /* ViewController.swift */; };
		B78333902B976F610032C5EE /* Main.storyboard in Resources */ = {isa = PBXBuildFile; fileRef = B783338E2B976F610032C5EE /* Main.storyboard */; };
		B78333922B976F630032C5EE /* Assets.xcassets in Resources */ = {isa = PBXBuildFile; fileRef = B78333912B976F630032C5EE /* Assets.xcassets */; };
		B78333952B976F630032C5EE /* LaunchScreen.storyboard in Resources */ = {isa = PBXBuildFile; fileRef = B78333932B976F630032C5EE /* LaunchScreen.storyboard */; };
		B78333A02B976F630032C5EE /* guessWhoTests.swift in Sources */ = {isa = PBXBuildFile; fileRef = B783339F2B976F630032C5EE /* guessWhoTests.swift */; };
		B78333AA2B976F630032C5EE /* guessWhoUITests.swift in Sources */ = {isa = PBXBuildFile; fileRef = B78333A92B976F630032C5EE /* guessWhoUITests.swift */; };
		B78333AC2B976F630032C5EE /* guessWhoUITestsLaunchTests.swift in Sources */ = {isa = PBXBuildFile; fileRef = B78333AB2B976F630032C5EE /* guessWhoUITestsLaunchTests.swift */; };
		B78333B92B9770870032C5EE /* deckMakerViewController.swift in Sources */ = {isa = PBXBuildFile; fileRef = B78333B82B9770870032C5EE /* deckMakerViewController.swift */; };
		B78333BB2B9773E00032C5EE /* GoogleService-Info.plist in Resources */ = {isa = PBXBuildFile; fileRef = B78333BA2B9773DF0032C5EE /* GoogleService-Info.plist */; };
		B78333BE2B9774780032C5EE /* FirebaseAuth in Frameworks */ = {isa = PBXBuildFile; productRef = B78333BD2B9774780032C5EE /* FirebaseAuth */; };
		B78333C02B9774780032C5EE /* FirebaseDatabase in Frameworks */ = {isa = PBXBuildFile; productRef = B78333BF2B9774780032C5EE /* FirebaseDatabase */; };
		B78333C22B9774780032C5EE /* FirebaseDatabaseSwift in Frameworks */ = {isa = PBXBuildFile; productRef = B78333C12B9774780032C5EE /* FirebaseDatabaseSwift */; };
		B78333C42B9774780032C5EE /* FirebaseFirestore in Frameworks */ = {isa = PBXBuildFile; productRef = B78333C32B9774780032C5EE /* FirebaseFirestore */; };
		B7E49B7B2B9A16930054385D /* playViewController.swift in Sources */ = {isa = PBXBuildFile; fileRef = B7E49B7A2B9A16930054385D /* playViewController.swift */; };
		BBBC46ED2BD0192300C340CE /* OppsViewController.swift in Sources */ = {isa = PBXBuildFile; fileRef = BBBC46EC2BD0192300C340CE /* OppsViewController.swift */; };
/* End PBXBuildFile section */

/* Begin PBXContainerItemProxy section */
		B783339C2B976F630032C5EE /* PBXContainerItemProxy */ = {
			isa = PBXContainerItemProxy;
			containerPortal = B783337D2B976F610032C5EE /* Project object */;
			proxyType = 1;
			remoteGlobalIDString = B78333842B976F610032C5EE;
			remoteInfo = guessWho;
		};
		B78333A62B976F630032C5EE /* PBXContainerItemProxy */ = {
			isa = PBXContainerItemProxy;
			containerPortal = B783337D2B976F610032C5EE /* Project object */;
			proxyType = 1;
			remoteGlobalIDString = B78333842B976F610032C5EE;
			remoteInfo = guessWho;
		};
/* End PBXContainerItemProxy section */

/* Begin PBXFileReference section */
		B7687CD82B9F515B009D2C08 /* CazyCell.swift */ = {isa = PBXFileReference; lastKnownFileType = sourcecode.swift; path = CazyCell.swift; sourceTree = "<group>"; };
		B777B2E22B98C4CA00D68AF7 /* deckViewerViewController.swift */ = {isa = PBXFileReference; lastKnownFileType = sourcecode.swift; path = deckViewerViewController.swift; sourceTree = "<group>"; };
		B78333852B976F610032C5EE /* guessWho.app */ = {isa = PBXFileReference; explicitFileType = wrapper.application; includeInIndex = 0; path = guessWho.app; sourceTree = BUILT_PRODUCTS_DIR; };
		B78333882B976F610032C5EE /* AppDelegate.swift */ = {isa = PBXFileReference; lastKnownFileType = sourcecode.swift; path = AppDelegate.swift; sourceTree = "<group>"; };
		B783338A2B976F610032C5EE /* SceneDelegate.swift */ = {isa = PBXFileReference; lastKnownFileType = sourcecode.swift; path = SceneDelegate.swift; sourceTree = "<group>"; };
		B783338C2B976F610032C5EE /* ViewController.swift */ = {isa = PBXFileReference; lastKnownFileType = sourcecode.swift; path = ViewController.swift; sourceTree = "<group>"; };
		B783338F2B976F610032C5EE /* Base */ = {isa = PBXFileReference; lastKnownFileType = file.storyboard; name = Base; path = Base.lproj/Main.storyboard; sourceTree = "<group>"; };
		B78333912B976F630032C5EE /* Assets.xcassets */ = {isa = PBXFileReference; lastKnownFileType = folder.assetcatalog; path = Assets.xcassets; sourceTree = "<group>"; };
		B78333942B976F630032C5EE /* Base */ = {isa = PBXFileReference; lastKnownFileType = file.storyboard; name = Base; path = Base.lproj/LaunchScreen.storyboard; sourceTree = "<group>"; };
		B78333962B976F630032C5EE /* Info.plist */ = {isa = PBXFileReference; lastKnownFileType = text.plist.xml; path = Info.plist; sourceTree = "<group>"; };
		B783339B2B976F630032C5EE /* guessWhoTests.xctest */ = {isa = PBXFileReference; explicitFileType = wrapper.cfbundle; includeInIndex = 0; path = guessWhoTests.xctest; sourceTree = BUILT_PRODUCTS_DIR; };
		B783339F2B976F630032C5EE /* guessWhoTests.swift */ = {isa = PBXFileReference; lastKnownFileType = sourcecode.swift; path = guessWhoTests.swift; sourceTree = "<group>"; };
		B78333A52B976F630032C5EE /* guessWhoUITests.xctest */ = {isa = PBXFileReference; explicitFileType = wrapper.cfbundle; includeInIndex = 0; path = guessWhoUITests.xctest; sourceTree = BUILT_PRODUCTS_DIR; };
		B78333A92B976F630032C5EE /* guessWhoUITests.swift */ = {isa = PBXFileReference; lastKnownFileType = sourcecode.swift; path = guessWhoUITests.swift; sourceTree = "<group>"; };
		B78333AB2B976F630032C5EE /* guessWhoUITestsLaunchTests.swift */ = {isa = PBXFileReference; lastKnownFileType = sourcecode.swift; path = guessWhoUITestsLaunchTests.swift; sourceTree = "<group>"; };
		B78333B82B9770870032C5EE /* deckMakerViewController.swift */ = {isa = PBXFileReference; lastKnownFileType = sourcecode.swift; path = deckMakerViewController.swift; sourceTree = "<group>"; };
		B78333BA2B9773DF0032C5EE /* GoogleService-Info.plist */ = {isa = PBXFileReference; fileEncoding = 4; lastKnownFileType = text.plist.xml; path = "GoogleService-Info.plist"; sourceTree = "<group>"; };
		B7E49B7A2B9A16930054385D /* playViewController.swift */ = {isa = PBXFileReference; lastKnownFileType = sourcecode.swift; path = playViewController.swift; sourceTree = "<group>"; };
		BBBC46EC2BD0192300C340CE /* OppsViewController.swift */ = {isa = PBXFileReference; lastKnownFileType = sourcecode.swift; path = OppsViewController.swift; sourceTree = "<group>"; };
/* End PBXFileReference section */

/* Begin PBXFrameworksBuildPhase section */
		B78333822B976F610032C5EE /* Frameworks */ = {
			isa = PBXFrameworksBuildPhase;
			buildActionMask = 2147483647;
			files = (
				B78333C22B9774780032C5EE /* FirebaseDatabaseSwift in Frameworks */,
				B78333C42B9774780032C5EE /* FirebaseFirestore in Frameworks */,
				B78333C02B9774780032C5EE /* FirebaseDatabase in Frameworks */,
				B78333BE2B9774780032C5EE /* FirebaseAuth in Frameworks */,
			);
			runOnlyForDeploymentPostprocessing = 0;
		};
		B78333982B976F630032C5EE /* Frameworks */ = {
			isa = PBXFrameworksBuildPhase;
			buildActionMask = 2147483647;
			files = (
			);
			runOnlyForDeploymentPostprocessing = 0;
		};
		B78333A22B976F630032C5EE /* Frameworks */ = {
			isa = PBXFrameworksBuildPhase;
			buildActionMask = 2147483647;
			files = (
			);
			runOnlyForDeploymentPostprocessing = 0;
		};
/* End PBXFrameworksBuildPhase section */

/* Begin PBXGroup section */
		B783337C2B976F610032C5EE = {
			isa = PBXGroup;
			children = (
				B78333872B976F610032C5EE /* guessWho */,
				B783339E2B976F630032C5EE /* guessWhoTests */,
				B78333A82B976F630032C5EE /* guessWhoUITests */,
				B78333862B976F610032C5EE /* Products */,
			);
			sourceTree = "<group>";
		};
		B78333862B976F610032C5EE /* Products */ = {
			isa = PBXGroup;
			children = (
				B78333852B976F610032C5EE /* guessWho.app */,
				B783339B2B976F630032C5EE /* guessWhoTests.xctest */,
				B78333A52B976F630032C5EE /* guessWhoUITests.xctest */,
			);
			name = Products;
			sourceTree = "<group>";
		};
		B78333872B976F610032C5EE /* guessWho */ = {
			isa = PBXGroup;
			children = (
				B7E49B7A2B9A16930054385D /* playViewController.swift */,
				B777B2E22B98C4CA00D68AF7 /* deckViewerViewController.swift */,
				B7687CD82B9F515B009D2C08 /* CazyCell.swift */,
				B78333882B976F610032C5EE /* AppDelegate.swift */,
				B783338A2B976F610032C5EE /* SceneDelegate.swift */,
				B783338C2B976F610032C5EE /* ViewController.swift */,
				B783338E2B976F610032C5EE /* Main.storyboard */,
				BBBC46EC2BD0192300C340CE /* OppsViewController.swift */,
				B78333B82B9770870032C5EE /* deckMakerViewController.swift */,
				B78333912B976F630032C5EE /* Assets.xcassets */,
				B78333932B976F630032C5EE /* LaunchScreen.storyboard */,
				B78333962B976F630032C5EE /* Info.plist */,
				B78333BA2B9773DF0032C5EE /* GoogleService-Info.plist */,
			);
			path = guessWho;
			sourceTree = "<group>";
		};
		B783339E2B976F630032C5EE /* guessWhoTests */ = {
			isa = PBXGroup;
			children = (
				B783339F2B976F630032C5EE /* guessWhoTests.swift */,
			);
			path = guessWhoTests;
			sourceTree = "<group>";
		};
		B78333A82B976F630032C5EE /* guessWhoUITests */ = {
			isa = PBXGroup;
			children = (
				B78333A92B976F630032C5EE /* guessWhoUITests.swift */,
				B78333AB2B976F630032C5EE /* guessWhoUITestsLaunchTests.swift */,
			);
			path = guessWhoUITests;
			sourceTree = "<group>";
		};
/* End PBXGroup section */

/* Begin PBXNativeTarget section */
		B78333842B976F610032C5EE /* guessWho */ = {
			isa = PBXNativeTarget;
			buildConfigurationList = B78333AF2B976F630032C5EE /* Build configuration list for PBXNativeTarget "guessWho" */;
			buildPhases = (
				B78333812B976F610032C5EE /* Sources */,
				B78333822B976F610032C5EE /* Frameworks */,
				B78333832B976F610032C5EE /* Resources */,
			);
			buildRules = (
			);
			dependencies = (
			);
			name = guessWho;
			packageProductDependencies = (
				B78333BD2B9774780032C5EE /* FirebaseAuth */,
				B78333BF2B9774780032C5EE /* FirebaseDatabase */,
				B78333C12B9774780032C5EE /* FirebaseDatabaseSwift */,
				B78333C32B9774780032C5EE /* FirebaseFirestore */,
			);
			productName = guessWho;
			productReference = B78333852B976F610032C5EE /* guessWho.app */;
			productType = "com.apple.product-type.application";
		};
		B783339A2B976F630032C5EE /* guessWhoTests */ = {
			isa = PBXNativeTarget;
			buildConfigurationList = B78333B22B976F630032C5EE /* Build configuration list for PBXNativeTarget "guessWhoTests" */;
			buildPhases = (
				B78333972B976F630032C5EE /* Sources */,
				B78333982B976F630032C5EE /* Frameworks */,
				B78333992B976F630032C5EE /* Resources */,
			);
			buildRules = (
			);
			dependencies = (
				B783339D2B976F630032C5EE /* PBXTargetDependency */,
			);
			name = guessWhoTests;
			productName = guessWhoTests;
			productReference = B783339B2B976F630032C5EE /* guessWhoTests.xctest */;
			productType = "com.apple.product-type.bundle.unit-test";
		};
		B78333A42B976F630032C5EE /* guessWhoUITests */ = {
			isa = PBXNativeTarget;
			buildConfigurationList = B78333B52B976F630032C5EE /* Build configuration list for PBXNativeTarget "guessWhoUITests" */;
			buildPhases = (
				B78333A12B976F630032C5EE /* Sources */,
				B78333A22B976F630032C5EE /* Frameworks */,
				B78333A32B976F630032C5EE /* Resources */,
			);
			buildRules = (
			);
			dependencies = (
				B78333A72B976F630032C5EE /* PBXTargetDependency */,
			);
			name = guessWhoUITests;
			productName = guessWhoUITests;
			productReference = B78333A52B976F630032C5EE /* guessWhoUITests.xctest */;
			productType = "com.apple.product-type.bundle.ui-testing";
		};
/* End PBXNativeTarget section */

/* Begin PBXProject section */
		B783337D2B976F610032C5EE /* Project object */ = {
			isa = PBXProject;
			attributes = {
				BuildIndependentTargetsInParallel = 1;
				LastSwiftUpdateCheck = 1510;
				LastUpgradeCheck = 1510;
				TargetAttributes = {
					B78333842B976F610032C5EE = {
						CreatedOnToolsVersion = 15.1;
					};
					B783339A2B976F630032C5EE = {
						CreatedOnToolsVersion = 15.1;
						TestTargetID = B78333842B976F610032C5EE;
					};
					B78333A42B976F630032C5EE = {
						CreatedOnToolsVersion = 15.1;
						TestTargetID = B78333842B976F610032C5EE;
					};
				};
			};
			buildConfigurationList = B78333802B976F610032C5EE /* Build configuration list for PBXProject "guessWho" */;
			compatibilityVersion = "Xcode 14.0";
			developmentRegion = en;
			hasScannedForEncodings = 0;
			knownRegions = (
				en,
				Base,
			);
			mainGroup = B783337C2B976F610032C5EE;
			packageReferences = (
				B78333BC2B9774780032C5EE /* XCRemoteSwiftPackageReference "firebase-ios-sdk" */,
			);
			productRefGroup = B78333862B976F610032C5EE /* Products */;
			projectDirPath = "";
			projectRoot = "";
			targets = (
				B78333842B976F610032C5EE /* guessWho */,
				B783339A2B976F630032C5EE /* guessWhoTests */,
				B78333A42B976F630032C5EE /* guessWhoUITests */,
			);
		};
/* End PBXProject section */

/* Begin PBXResourcesBuildPhase section */
		B78333832B976F610032C5EE /* Resources */ = {
			isa = PBXResourcesBuildPhase;
			buildActionMask = 2147483647;
			files = (
				B78333952B976F630032C5EE /* LaunchScreen.storyboard in Resources */,
				B78333922B976F630032C5EE /* Assets.xcassets in Resources */,
				B78333BB2B9773E00032C5EE /* GoogleService-Info.plist in Resources */,
				B78333902B976F610032C5EE /* Main.storyboard in Resources */,
			);
			runOnlyForDeploymentPostprocessing = 0;
		};
		B78333992B976F630032C5EE /* Resources */ = {
			isa = PBXResourcesBuildPhase;
			buildActionMask = 2147483647;
			files = (
			);
			runOnlyForDeploymentPostprocessing = 0;
		};
		B78333A32B976F630032C5EE /* Resources */ = {
			isa = PBXResourcesBuildPhase;
			buildActionMask = 2147483647;
			files = (
			);
			runOnlyForDeploymentPostprocessing = 0;
		};
/* End PBXResourcesBuildPhase section */

/* Begin PBXSourcesBuildPhase section */
		B78333812B976F610032C5EE /* Sources */ = {
			isa = PBXSourcesBuildPhase;
			buildActionMask = 2147483647;
			files = (
				B7E49B7B2B9A16930054385D /* playViewController.swift in Sources */,
				B783338D2B976F610032C5EE /* ViewController.swift in Sources */,
				B78333892B976F610032C5EE /* AppDelegate.swift in Sources */,
				B7687CD92B9F515B009D2C08 /* CazyCell.swift in Sources */,
				BBBC46ED2BD0192300C340CE /* OppsViewController.swift in Sources */,
				B78333B92B9770870032C5EE /* deckMakerViewController.swift in Sources */,
				B783338B2B976F610032C5EE /* SceneDelegate.swift in Sources */,
				B777B2E32B98C4CA00D68AF7 /* deckViewerViewController.swift in Sources */,
			);
			runOnlyForDeploymentPostprocessing = 0;
		};
		B78333972B976F630032C5EE /* Sources */ = {
			isa = PBXSourcesBuildPhase;
			buildActionMask = 2147483647;
			files = (
				B78333A02B976F630032C5EE /* guessWhoTests.swift in Sources */,
			);
			runOnlyForDeploymentPostprocessing = 0;
		};
		B78333A12B976F630032C5EE /* Sources */ = {
			isa = PBXSourcesBuildPhase;
			buildActionMask = 2147483647;
			files = (
				B78333AC2B976F630032C5EE /* guessWhoUITestsLaunchTests.swift in Sources */,
				B78333AA2B976F630032C5EE /* guessWhoUITests.swift in Sources */,
			);
			runOnlyForDeploymentPostprocessing = 0;
		};
/* End PBXSourcesBuildPhase section */

/* Begin PBXTargetDependency section */
		B783339D2B976F630032C5EE /* PBXTargetDependency */ = {
			isa = PBXTargetDependency;
			target = B78333842B976F610032C5EE /* guessWho */;
			targetProxy = B783339C2B976F630032C5EE /* PBXContainerItemProxy */;
		};
		B78333A72B976F630032C5EE /* PBXTargetDependency */ = {
			isa = PBXTargetDependency;
			target = B78333842B976F610032C5EE /* guessWho */;
			targetProxy = B78333A62B976F630032C5EE /* PBXContainerItemProxy */;
		};
/* End PBXTargetDependency section */

/* Begin PBXVariantGroup section */
		B783338E2B976F610032C5EE /* Main.storyboard */ = {
			isa = PBXVariantGroup;
			children = (
				B783338F2B976F610032C5EE /* Base */,
			);
			name = Main.storyboard;
			sourceTree = "<group>";
		};
		B78333932B976F630032C5EE /* LaunchScreen.storyboard */ = {
			isa = PBXVariantGroup;
			children = (
				B78333942B976F630032C5EE /* Base */,
			);
			name = LaunchScreen.storyboard;
			sourceTree = "<group>";
		};
/* End PBXVariantGroup section */

/* Begin XCBuildConfiguration section */
		B78333AD2B976F630032C5EE /* Debug */ = {
			isa = XCBuildConfiguration;
			buildSettings = {
				ALWAYS_SEARCH_USER_PATHS = NO;
				ASSETCATALOG_COMPILER_GENERATE_SWIFT_ASSET_SYMBOL_EXTENSIONS = YES;
				CLANG_ANALYZER_NONNULL = YES;
				CLANG_ANALYZER_NUMBER_OBJECT_CONVERSION = YES_AGGRESSIVE;
				CLANG_CXX_LANGUAGE_STANDARD = "gnu++20";
				CLANG_ENABLE_MODULES = YES;
				CLANG_ENABLE_OBJC_ARC = YES;
				CLANG_ENABLE_OBJC_WEAK = YES;
				CLANG_WARN_BLOCK_CAPTURE_AUTORELEASING = YES;
				CLANG_WARN_BOOL_CONVERSION = YES;
				CLANG_WARN_COMMA = YES;
				CLANG_WARN_CONSTANT_CONVERSION = YES;
				CLANG_WARN_DEPRECATED_OBJC_IMPLEMENTATIONS = YES;
				CLANG_WARN_DIRECT_OBJC_ISA_USAGE = YES_ERROR;
				CLANG_WARN_DOCUMENTATION_COMMENTS = YES;
				CLANG_WARN_EMPTY_BODY = YES;
				CLANG_WARN_ENUM_CONVERSION = YES;
				CLANG_WARN_INFINITE_RECURSION = YES;
				CLANG_WARN_INT_CONVERSION = YES;
				CLANG_WARN_NON_LITERAL_NULL_CONVERSION = YES;
				CLANG_WARN_OBJC_IMPLICIT_RETAIN_SELF = YES;
				CLANG_WARN_OBJC_LITERAL_CONVERSION = YES;
				CLANG_WARN_OBJC_ROOT_CLASS = YES_ERROR;
				CLANG_WARN_QUOTED_INCLUDE_IN_FRAMEWORK_HEADER = YES;
				CLANG_WARN_RANGE_LOOP_ANALYSIS = YES;
				CLANG_WARN_STRICT_PROTOTYPES = YES;
				CLANG_WARN_SUSPICIOUS_MOVE = YES;
				CLANG_WARN_UNGUARDED_AVAILABILITY = YES_AGGRESSIVE;
				CLANG_WARN_UNREACHABLE_CODE = YES;
				CLANG_WARN__DUPLICATE_METHOD_MATCH = YES;
				COPY_PHASE_STRIP = NO;
				DEBUG_INFORMATION_FORMAT = dwarf;
				ENABLE_STRICT_OBJC_MSGSEND = YES;
				ENABLE_TESTABILITY = YES;
				ENABLE_USER_SCRIPT_SANDBOXING = YES;
				GCC_C_LANGUAGE_STANDARD = gnu17;
				GCC_DYNAMIC_NO_PIC = NO;
				GCC_NO_COMMON_BLOCKS = YES;
				GCC_OPTIMIZATION_LEVEL = 0;
				GCC_PREPROCESSOR_DEFINITIONS = (
					"DEBUG=1",
					"$(inherited)",
				);
				GCC_WARN_64_TO_32_BIT_CONVERSION = YES;
				GCC_WARN_ABOUT_RETURN_TYPE = YES_ERROR;
				GCC_WARN_UNDECLARED_SELECTOR = YES;
				GCC_WARN_UNINITIALIZED_AUTOS = YES_AGGRESSIVE;
				GCC_WARN_UNUSED_FUNCTION = YES;
				GCC_WARN_UNUSED_VARIABLE = YES;
				IPHONEOS_DEPLOYMENT_TARGET = 17.2;
				LOCALIZATION_PREFERS_STRING_CATALOGS = YES;
				MTL_ENABLE_DEBUG_INFO = INCLUDE_SOURCE;
				MTL_FAST_MATH = YES;
				ONLY_ACTIVE_ARCH = YES;
				SDKROOT = iphoneos;
				SWIFT_ACTIVE_COMPILATION_CONDITIONS = "DEBUG $(inherited)";
				SWIFT_OPTIMIZATION_LEVEL = "-Onone";
			};
			name = Debug;
		};
		B78333AE2B976F630032C5EE /* Release */ = {
			isa = XCBuildConfiguration;
			buildSettings = {
				ALWAYS_SEARCH_USER_PATHS = NO;
				ASSETCATALOG_COMPILER_GENERATE_SWIFT_ASSET_SYMBOL_EXTENSIONS = YES;
				CLANG_ANALYZER_NONNULL = YES;
				CLANG_ANALYZER_NUMBER_OBJECT_CONVERSION = YES_AGGRESSIVE;
				CLANG_CXX_LANGUAGE_STANDARD = "gnu++20";
				CLANG_ENABLE_MODULES = YES;
				CLANG_ENABLE_OBJC_ARC = YES;
				CLANG_ENABLE_OBJC_WEAK = YES;
				CLANG_WARN_BLOCK_CAPTURE_AUTORELEASING = YES;
				CLANG_WARN_BOOL_CONVERSION = YES;
				CLANG_WARN_COMMA = YES;
				CLANG_WARN_CONSTANT_CONVERSION = YES;
				CLANG_WARN_DEPRECATED_OBJC_IMPLEMENTATIONS = YES;
				CLANG_WARN_DIRECT_OBJC_ISA_USAGE = YES_ERROR;
				CLANG_WARN_DOCUMENTATION_COMMENTS = YES;
				CLANG_WARN_EMPTY_BODY = YES;
				CLANG_WARN_ENUM_CONVERSION = YES;
				CLANG_WARN_INFINITE_RECURSION = YES;
				CLANG_WARN_INT_CONVERSION = YES;
				CLANG_WARN_NON_LITERAL_NULL_CONVERSION = YES;
				CLANG_WARN_OBJC_IMPLICIT_RETAIN_SELF = YES;
				CLANG_WARN_OBJC_LITERAL_CONVERSION = YES;
				CLANG_WARN_OBJC_ROOT_CLASS = YES_ERROR;
				CLANG_WARN_QUOTED_INCLUDE_IN_FRAMEWORK_HEADER = YES;
				CLANG_WARN_RANGE_LOOP_ANALYSIS = YES;
				CLANG_WARN_STRICT_PROTOTYPES = YES;
				CLANG_WARN_SUSPICIOUS_MOVE = YES;
				CLANG_WARN_UNGUARDED_AVAILABILITY = YES_AGGRESSIVE;
				CLANG_WARN_UNREACHABLE_CODE = YES;
				CLANG_WARN__DUPLICATE_METHOD_MATCH = YES;
				COPY_PHASE_STRIP = NO;
				DEBUG_INFORMATION_FORMAT = "dwarf-with-dsym";
				ENABLE_NS_ASSERTIONS = NO;
				ENABLE_STRICT_OBJC_MSGSEND = YES;
				ENABLE_USER_SCRIPT_SANDBOXING = YES;
				GCC_C_LANGUAGE_STANDARD = gnu17;
				GCC_NO_COMMON_BLOCKS = YES;
				GCC_WARN_64_TO_32_BIT_CONVERSION = YES;
				GCC_WARN_ABOUT_RETURN_TYPE = YES_ERROR;
				GCC_WARN_UNDECLARED_SELECTOR = YES;
				GCC_WARN_UNINITIALIZED_AUTOS = YES_AGGRESSIVE;
				GCC_WARN_UNUSED_FUNCTION = YES;
				GCC_WARN_UNUSED_VARIABLE = YES;
				IPHONEOS_DEPLOYMENT_TARGET = 17.2;
				LOCALIZATION_PREFERS_STRING_CATALOGS = YES;
				MTL_ENABLE_DEBUG_INFO = NO;
				MTL_FAST_MATH = YES;
				SDKROOT = iphoneos;
				SWIFT_COMPILATION_MODE = wholemodule;
				VALIDATE_PRODUCT = YES;
			};
			name = Release;
		};
		B78333B02B976F630032C5EE /* Debug */ = {
			isa = XCBuildConfiguration;
			buildSettings = {
				ASSETCATALOG_COMPILER_APPICON_NAME = AppIcon;
				ASSETCATALOG_COMPILER_GLOBAL_ACCENT_COLOR_NAME = AccentColor;
				CODE_SIGN_STYLE = Automatic;
				CURRENT_PROJECT_VERSION = 1;
				DEVELOPMENT_TEAM = 2838R682L7;
				GENERATE_INFOPLIST_FILE = YES;
				INFOPLIST_FILE = guessWho/Info.plist;
				INFOPLIST_KEY_UIApplicationSupportsIndirectInputEvents = YES;
				INFOPLIST_KEY_UILaunchStoryboardName = LaunchScreen;
				INFOPLIST_KEY_UIMainStoryboardFile = Main;
				INFOPLIST_KEY_UISupportedInterfaceOrientations_iPad = "UIInterfaceOrientationPortrait UIInterfaceOrientationPortraitUpsideDown UIInterfaceOrientationLandscapeLeft UIInterfaceOrientationLandscapeRight";
				INFOPLIST_KEY_UISupportedInterfaceOrientations_iPhone = "UIInterfaceOrientationPortrait UIInterfaceOrientationLandscapeLeft UIInterfaceOrientationLandscapeRight";
				IPHONEOS_DEPLOYMENT_TARGET = 16.0;
				LD_RUNPATH_SEARCH_PATHS = (
					"$(inherited)",
					"@executable_path/Frameworks",
				);
				MARKETING_VERSION = 1.0;
				PRODUCT_BUNDLE_IDENTIFIER = clc.guessWho.dushane2;
				PRODUCT_NAME = "$(TARGET_NAME)";
				SWIFT_EMIT_LOC_STRINGS = YES;
				SWIFT_VERSION = 5.0;
				TARGETED_DEVICE_FAMILY = "1,2";
			};
			name = Debug;
		};
		B78333B12B976F630032C5EE /* Release */ = {
			isa = XCBuildConfiguration;
			buildSettings = {
				ASSETCATALOG_COMPILER_APPICON_NAME = AppIcon;
				ASSETCATALOG_COMPILER_GLOBAL_ACCENT_COLOR_NAME = AccentColor;
				CODE_SIGN_STYLE = Automatic;
				CURRENT_PROJECT_VERSION = 1;
				DEVELOPMENT_TEAM = 2838R682L7;
				GENERATE_INFOPLIST_FILE = YES;
				INFOPLIST_FILE = guessWho/Info.plist;
				INFOPLIST_KEY_UIApplicationSupportsIndirectInputEvents = YES;
				INFOPLIST_KEY_UILaunchStoryboardName = LaunchScreen;
				INFOPLIST_KEY_UIMainStoryboardFile = Main;
				INFOPLIST_KEY_UISupportedInterfaceOrientations_iPad = "UIInterfaceOrientationPortrait UIInterfaceOrientationPortraitUpsideDown UIInterfaceOrientationLandscapeLeft UIInterfaceOrientationLandscapeRight";
				INFOPLIST_KEY_UISupportedInterfaceOrientations_iPhone = "UIInterfaceOrientationPortrait UIInterfaceOrientationLandscapeLeft UIInterfaceOrientationLandscapeRight";
				IPHONEOS_DEPLOYMENT_TARGET = 16.0;
				LD_RUNPATH_SEARCH_PATHS = (
					"$(inherited)",
					"@executable_path/Frameworks",
				);
				MARKETING_VERSION = 1.0;
				PRODUCT_BUNDLE_IDENTIFIER = clc.guessWho.dushane2;
				PRODUCT_NAME = "$(TARGET_NAME)";
				SWIFT_EMIT_LOC_STRINGS = YES;
				SWIFT_VERSION = 5.0;
				TARGETED_DEVICE_FAMILY = "1,2";
			};
			name = Release;
		};
		B78333B32B976F630032C5EE /* Debug */ = {
			isa = XCBuildConfiguration;
			buildSettings = {
				ALWAYS_EMBED_SWIFT_STANDARD_LIBRARIES = YES;
				BUNDLE_LOADER = "$(TEST_HOST)";
				CODE_SIGN_STYLE = Automatic;
				CURRENT_PROJECT_VERSION = 1;
				GENERATE_INFOPLIST_FILE = YES;
				IPHONEOS_DEPLOYMENT_TARGET = 17.2;
				MARKETING_VERSION = 1.0;
				PRODUCT_BUNDLE_IDENTIFIER = clc.guessWhoTests;
				PRODUCT_NAME = "$(TARGET_NAME)";
				SWIFT_EMIT_LOC_STRINGS = NO;
				SWIFT_VERSION = 5.0;
				TARGETED_DEVICE_FAMILY = "1,2";
				TEST_HOST = "$(BUILT_PRODUCTS_DIR)/guessWho.app/$(BUNDLE_EXECUTABLE_FOLDER_PATH)/guessWho";
			};
			name = Debug;
		};
		B78333B42B976F630032C5EE /* Release */ = {
			isa = XCBuildConfiguration;
			buildSettings = {
				ALWAYS_EMBED_SWIFT_STANDARD_LIBRARIES = YES;
				BUNDLE_LOADER = "$(TEST_HOST)";
				CODE_SIGN_STYLE = Automatic;
				CURRENT_PROJECT_VERSION = 1;
				GENERATE_INFOPLIST_FILE = YES;
				IPHONEOS_DEPLOYMENT_TARGET = 17.2;
				MARKETING_VERSION = 1.0;
				PRODUCT_BUNDLE_IDENTIFIER = clc.guessWhoTests;
				PRODUCT_NAME = "$(TARGET_NAME)";
				SWIFT_EMIT_LOC_STRINGS = NO;
				SWIFT_VERSION = 5.0;
				TARGETED_DEVICE_FAMILY = "1,2";
				TEST_HOST = "$(BUILT_PRODUCTS_DIR)/guessWho.app/$(BUNDLE_EXECUTABLE_FOLDER_PATH)/guessWho";
			};
			name = Release;
		};
		B78333B62B976F630032C5EE /* Debug */ = {
			isa = XCBuildConfiguration;
			buildSettings = {
				ALWAYS_EMBED_SWIFT_STANDARD_LIBRARIES = YES;
				CODE_SIGN_STYLE = Automatic;
				CURRENT_PROJECT_VERSION = 1;
				GENERATE_INFOPLIST_FILE = YES;
				MARKETING_VERSION = 1.0;
				PRODUCT_BUNDLE_IDENTIFIER = clc.guessWhoUITests;
				PRODUCT_NAME = "$(TARGET_NAME)";
				SWIFT_EMIT_LOC_STRINGS = NO;
				SWIFT_VERSION = 5.0;
				TARGETED_DEVICE_FAMILY = "1,2";
				TEST_TARGET_NAME = guessWho;
			};
			name = Debug;
		};
		B78333B72B976F630032C5EE /* Release */ = {
			isa = XCBuildConfiguration;
			buildSettings = {
				ALWAYS_EMBED_SWIFT_STANDARD_LIBRARIES = YES;
				CODE_SIGN_STYLE = Automatic;
				CURRENT_PROJECT_VERSION = 1;
				GENERATE_INFOPLIST_FILE = YES;
				MARKETING_VERSION = 1.0;
				PRODUCT_BUNDLE_IDENTIFIER = clc.guessWhoUITests;
				PRODUCT_NAME = "$(TARGET_NAME)";
				SWIFT_EMIT_LOC_STRINGS = NO;
				SWIFT_VERSION = 5.0;
				TARGETED_DEVICE_FAMILY = "1,2";
				TEST_TARGET_NAME = guessWho;
			};
			name = Release;
		};
/* End XCBuildConfiguration section */

/* Begin XCConfigurationList section */
		B78333802B976F610032C5EE /* Build configuration list for PBXProject "guessWho" */ = {
			isa = XCConfigurationList;
			buildConfigurations = (
				B78333AD2B976F630032C5EE /* Debug */,
				B78333AE2B976F630032C5EE /* Release */,
			);
			defaultConfigurationIsVisible = 0;
			defaultConfigurationName = Release;
		};
		B78333AF2B976F630032C5EE /* Build configuration list for PBXNativeTarget "guessWho" */ = {
			isa = XCConfigurationList;
			buildConfigurations = (
				B78333B02B976F630032C5EE /* Debug */,
				B78333B12B976F630032C5EE /* Release */,
			);
			defaultConfigurationIsVisible = 0;
			defaultConfigurationName = Release;
		};
		B78333B22B976F630032C5EE /* Build configuration list for PBXNativeTarget "guessWhoTests" */ = {
			isa = XCConfigurationList;
			buildConfigurations = (
				B78333B32B976F630032C5EE /* Debug */,
				B78333B42B976F630032C5EE /* Release */,
			);
			defaultConfigurationIsVisible = 0;
			defaultConfigurationName = Release;
		};
		B78333B52B976F630032C5EE /* Build configuration list for PBXNativeTarget "guessWhoUITests" */ = {
			isa = XCConfigurationList;
			buildConfigurations = (
				B78333B62B976F630032C5EE /* Debug */,
				B78333B72B976F630032C5EE /* Release */,
			);
			defaultConfigurationIsVisible = 0;
			defaultConfigurationName = Release;
		};
/* End XCConfigurationList section */

/* Begin XCRemoteSwiftPackageReference section */
		B78333BC2B9774780032C5EE /* XCRemoteSwiftPackageReference "firebase-ios-sdk" */ = {
			isa = XCRemoteSwiftPackageReference;
			repositoryURL = "https://github.com/firebase/firebase-ios-sdk.git";
			requirement = {
				kind = upToNextMajorVersion;
				minimumVersion = 10.22.0;
			};
		};
/* End XCRemoteSwiftPackageReference section */

/* Begin XCSwiftPackageProductDependency section */
		B78333BD2B9774780032C5EE /* FirebaseAuth */ = {
			isa = XCSwiftPackageProductDependency;
			package = B78333BC2B9774780032C5EE /* XCRemoteSwiftPackageReference "firebase-ios-sdk" */;
			productName = FirebaseAuth;
		};
		B78333BF2B9774780032C5EE /* FirebaseDatabase */ = {
			isa = XCSwiftPackageProductDependency;
			package = B78333BC2B9774780032C5EE /* XCRemoteSwiftPackageReference "firebase-ios-sdk" */;
			productName = FirebaseDatabase;
		};
		B78333C12B9774780032C5EE /* FirebaseDatabaseSwift */ = {
			isa = XCSwiftPackageProductDependency;
			package = B78333BC2B9774780032C5EE /* XCRemoteSwiftPackageReference "firebase-ios-sdk" */;
			productName = FirebaseDatabaseSwift;
		};
		B78333C32B9774780032C5EE /* FirebaseFirestore */ = {
			isa = XCSwiftPackageProductDependency;
			package = B78333BC2B9774780032C5EE /* XCRemoteSwiftPackageReference "firebase-ios-sdk" */;
			productName = FirebaseFirestore;
		};
/* End XCSwiftPackageProductDependency section */
	};
	rootObject = B783337D2B976F610032C5EE /* Project object */;
}
